// !$*UTF8*$!
{
	archiveVersion = 1;
	classes = {
	};
	objectVersion = 56;
	objects = {

/* Begin PBXBuildFile section */
		D40B8C7D292D62C100BE3E86 /* CellNewPokemonTableViewCell.swift in Sources */ = {isa = PBXBuildFile; fileRef = D40B8C7B292D62C100BE3E86 /* CellNewPokemonTableViewCell.swift */; };
		D40B8C7E292D62C100BE3E86 /* CellNewPokemonTableViewCell.xib in Resources */ = {isa = PBXBuildFile; fileRef = D40B8C7C292D62C100BE3E86 /* CellNewPokemonTableViewCell.xib */; };
		D46F69F8292D2B670091E480 /* DetailsPokemonViewController.swift in Sources */ = {isa = PBXBuildFile; fileRef = D46F69F7292D2B670091E480 /* DetailsPokemonViewController.swift */; };
		D4DFEC3A292C0B2900A5B6E3 /* AppDelegate.swift in Sources */ = {isa = PBXBuildFile; fileRef = D4DFEC39292C0B2900A5B6E3 /* AppDelegate.swift */; };
		D4DFEC3C292C0B2900A5B6E3 /* SceneDelegate.swift in Sources */ = {isa = PBXBuildFile; fileRef = D4DFEC3B292C0B2900A5B6E3 /* SceneDelegate.swift */; };
		D4DFEC3E292C0B2900A5B6E3 /* ListPokemonViewController.swift in Sources */ = {isa = PBXBuildFile; fileRef = D4DFEC3D292C0B2900A5B6E3 /* ListPokemonViewController.swift */; };
		D4DFEC41292C0B2900A5B6E3 /* Main.storyboard in Resources */ = {isa = PBXBuildFile; fileRef = D4DFEC3F292C0B2900A5B6E3 /* Main.storyboard */; };
		D4DFEC43292C0B2B00A5B6E3 /* Assets.xcassets in Resources */ = {isa = PBXBuildFile; fileRef = D4DFEC42292C0B2B00A5B6E3 /* Assets.xcassets */; };
		D4DFEC46292C0B2B00A5B6E3 /* LaunchScreen.storyboard in Resources */ = {isa = PBXBuildFile; fileRef = D4DFEC44292C0B2B00A5B6E3 /* LaunchScreen.storyboard */; };
		D4DFEC4E292C128700A5B6E3 /* PokemonManager.swift in Sources */ = {isa = PBXBuildFile; fileRef = D4DFEC4D292C128700A5B6E3 /* PokemonManager.swift */; };
		D4DFEC50292C12F600A5B6E3 /* DataPokemon.swift in Sources */ = {isa = PBXBuildFile; fileRef = D4DFEC4F292C12F600A5B6E3 /* DataPokemon.swift */; };
/* End PBXBuildFile section */

/* Begin PBXFileReference section */
		D40B8C7B292D62C100BE3E86 /* CellNewPokemonTableViewCell.swift */ = {isa = PBXFileReference; lastKnownFileType = sourcecode.swift; path = CellNewPokemonTableViewCell.swift; sourceTree = "<group>"; };
		D40B8C7C292D62C100BE3E86 /* CellNewPokemonTableViewCell.xib */ = {isa = PBXFileReference; lastKnownFileType = file.xib; path = CellNewPokemonTableViewCell.xib; sourceTree = "<group>"; };
		D46F69F7292D2B670091E480 /* DetailsPokemonViewController.swift */ = {isa = PBXFileReference; lastKnownFileType = sourcecode.swift; path = DetailsPokemonViewController.swift; sourceTree = "<group>"; };
		D4DFEC36292C0B2900A5B6E3 /* PokeBox.app */ = {isa = PBXFileReference; explicitFileType = wrapper.application; includeInIndex = 0; path = PokeBox.app; sourceTree = BUILT_PRODUCTS_DIR; };
		D4DFEC39292C0B2900A5B6E3 /* AppDelegate.swift */ = {isa = PBXFileReference; lastKnownFileType = sourcecode.swift; path = AppDelegate.swift; sourceTree = "<group>"; };
		D4DFEC3B292C0B2900A5B6E3 /* SceneDelegate.swift */ = {isa = PBXFileReference; lastKnownFileType = sourcecode.swift; path = SceneDelegate.swift; sourceTree = "<group>"; };
		D4DFEC3D292C0B2900A5B6E3 /* ListPokemonViewController.swift */ = {isa = PBXFileReference; lastKnownFileType = sourcecode.swift; path = ListPokemonViewController.swift; sourceTree = "<group>"; };
		D4DFEC40292C0B2900A5B6E3 /* Base */ = {isa = PBXFileReference; lastKnownFileType = file.storyboard; name = Base; path = Base.lproj/Main.storyboard; sourceTree = "<group>"; };
		D4DFEC42292C0B2B00A5B6E3 /* Assets.xcassets */ = {isa = PBXFileReference; lastKnownFileType = folder.assetcatalog; path = Assets.xcassets; sourceTree = "<group>"; };
		D4DFEC45292C0B2B00A5B6E3 /* Base */ = {isa = PBXFileReference; lastKnownFileType = file.storyboard; name = Base; path = Base.lproj/LaunchScreen.storyboard; sourceTree = "<group>"; };
		D4DFEC47292C0B2B00A5B6E3 /* Info.plist */ = {isa = PBXFileReference; lastKnownFileType = text.plist.xml; path = Info.plist; sourceTree = "<group>"; };
		D4DFEC4D292C128700A5B6E3 /* PokemonManager.swift */ = {isa = PBXFileReference; lastKnownFileType = sourcecode.swift; path = PokemonManager.swift; sourceTree = "<group>"; };
		D4DFEC4F292C12F600A5B6E3 /* DataPokemon.swift */ = {isa = PBXFileReference; lastKnownFileType = sourcecode.swift; path = DataPokemon.swift; sourceTree = "<group>"; };
/* End PBXFileReference section */

/* Begin PBXFrameworksBuildPhase section */
		D4DFEC33292C0B2900A5B6E3 /* Frameworks */ = {
			isa = PBXFrameworksBuildPhase;
			buildActionMask = 2147483647;
			files = (
			);
			runOnlyForDeploymentPostprocessing = 0;
		};
/* End PBXFrameworksBuildPhase section */

/* Begin PBXGroup section */
		D40B8C7F292D67A900BE3E86 /* Service */ = {
			isa = PBXGroup;
			children = (
				D4DFEC4D292C128700A5B6E3 /* PokemonManager.swift */,
				D4DFEC4F292C12F600A5B6E3 /* DataPokemon.swift */,
			);
			path = Service;
			sourceTree = "<group>";
		};
		D40B8C80292D67DF00BE3E86 /* Controller */ = {
			isa = PBXGroup;
			children = (
				D46F69F7292D2B670091E480 /* DetailsPokemonViewController.swift */,
				D4DFEC3D292C0B2900A5B6E3 /* ListPokemonViewController.swift */,
			);
			path = Controller;
			sourceTree = "<group>";
		};
		D4DFEC2D292C0B2900A5B6E3 = {
			isa = PBXGroup;
			children = (
				D4DFEC38292C0B2900A5B6E3 /* PokeBox */,
				D4DFEC37292C0B2900A5B6E3 /* Products */,
			);
			sourceTree = "<group>";
		};
		D4DFEC37292C0B2900A5B6E3 /* Products */ = {
			isa = PBXGroup;
			children = (
				D4DFEC36292C0B2900A5B6E3 /* PokeBox.app */,
			);
			name = Products;
			sourceTree = "<group>";
		};
		D4DFEC38292C0B2900A5B6E3 /* PokeBox */ = {
			isa = PBXGroup;
			children = (
				D40B8C80292D67DF00BE3E86 /* Controller */,
				D40B8C7F292D67A900BE3E86 /* Service */,
				D4DFEC39292C0B2900A5B6E3 /* AppDelegate.swift */,
				D4DFEC3B292C0B2900A5B6E3 /* SceneDelegate.swift */,
				D4DFEC3F292C0B2900A5B6E3 /* Main.storyboard */,
				D4DFEC42292C0B2B00A5B6E3 /* Assets.xcassets */,
				D4DFEC44292C0B2B00A5B6E3 /* LaunchScreen.storyboard */,
				D4DFEC47292C0B2B00A5B6E3 /* Info.plist */,
				D40B8C7B292D62C100BE3E86 /* CellNewPokemonTableViewCell.swift */,
				D40B8C7C292D62C100BE3E86 /* CellNewPokemonTableViewCell.xib */,
			);
			path = PokeBox;
			sourceTree = "<group>";
		};
/* End PBXGroup section */

/* Begin PBXNativeTarget section */
		D4DFEC35292C0B2900A5B6E3 /* PokeBox */ = {
			isa = PBXNativeTarget;
			buildConfigurationList = D4DFEC4A292C0B2B00A5B6E3 /* Build configuration list for PBXNativeTarget "PokeBox" */;
			buildPhases = (
				D4DFEC32292C0B2900A5B6E3 /* Sources */,
				D4DFEC33292C0B2900A5B6E3 /* Frameworks */,
				D4DFEC34292C0B2900A5B6E3 /* Resources */,
			);
			buildRules = (
			);
			dependencies = (
			);
			name = PokeBox;
			productName = PokeBox;
			productReference = D4DFEC36292C0B2900A5B6E3 /* PokeBox.app */;
			productType = "com.apple.product-type.application";
		};
/* End PBXNativeTarget section */

/* Begin PBXProject section */
		D4DFEC2E292C0B2900A5B6E3 /* Project object */ = {
			isa = PBXProject;
			attributes = {
				BuildIndependentTargetsInParallel = 1;
				LastSwiftUpdateCheck = 1410;
				LastUpgradeCheck = 1410;
				TargetAttributes = {
					D4DFEC35292C0B2900A5B6E3 = {
						CreatedOnToolsVersion = 14.1;
					};
				};
			};
			buildConfigurationList = D4DFEC31292C0B2900A5B6E3 /* Build configuration list for PBXProject "PokeBox" */;
			compatibilityVersion = "Xcode 14.0";
			developmentRegion = en;
			hasScannedForEncodings = 0;
			knownRegions = (
				en,
				Base,
			);
			mainGroup = D4DFEC2D292C0B2900A5B6E3;
			productRefGroup = D4DFEC37292C0B2900A5B6E3 /* Products */;
			projectDirPath = "";
			projectRoot = "";
			targets = (
				D4DFEC35292C0B2900A5B6E3 /* PokeBox */,
			);
		};
/* End PBXProject section */

/* Begin PBXResourcesBuildPhase section */
		D4DFEC34292C0B2900A5B6E3 /* Resources */ = {
			isa = PBXResourcesBuildPhase;
			buildActionMask = 2147483647;
			files = (
				D4DFEC46292C0B2B00A5B6E3 /* LaunchScreen.storyboard in Resources */,
				D4DFEC43292C0B2B00A5B6E3 /* Assets.xcassets in Resources */,
				D40B8C7E292D62C100BE3E86 /* CellNewPokemonTableViewCell.xib in Resources */,
				D4DFEC41292C0B2900A5B6E3 /* Main.storyboard in Resources */,
			);
			runOnlyForDeploymentPostprocessing = 0;
		};
/* End PBXResourcesBuildPhase section */

/* Begin PBXSourcesBuildPhase section */
		D4DFEC32292C0B2900A5B6E3 /* Sources */ = {
			isa = PBXSourcesBuildPhase;
			buildActionMask = 2147483647;
			files = (
				D4DFEC3E292C0B2900A5B6E3 /* ListPokemonViewController.swift in Sources */,
				D4DFEC3A292C0B2900A5B6E3 /* AppDelegate.swift in Sources */,
				D4DFEC3C292C0B2900A5B6E3 /* SceneDelegate.swift in Sources */,
				D40B8C7D292D62C100BE3E86 /* CellNewPokemonTableViewCell.swift in Sources */,
				D4DFEC4E292C128700A5B6E3 /* PokemonManager.swift in Sources */,
				D46F69F8292D2B670091E480 /* DetailsPokemonViewController.swift in Sources */,
				D4DFEC50292C12F600A5B6E3 /* DataPokemon.swift in Sources */,
			);
			runOnlyForDeploymentPostprocessing = 0;
		};
/* End PBXSourcesBuildPhase section */

/* Begin PBXVariantGroup section */
		D4DFEC3F292C0B2900A5B6E3 /* Main.storyboard */ = {
			isa = PBXVariantGroup;
			children = (
				D4DFEC40292C0B2900A5B6E3 /* Base */,
			);
			name = Main.storyboard;
			sourceTree = "<group>";
		};
		D4DFEC44292C0B2B00A5B6E3 /* LaunchScreen.storyboard */ = {
			isa = PBXVariantGroup;
			children = (
				D4DFEC45292C0B2B00A5B6E3 /* Base */,
			);
			name = LaunchScreen.storyboard;
			sourceTree = "<group>";
		};
/* End PBXVariantGroup section */

/* Begin XCBuildConfiguration section */
		D4DFEC48292C0B2B00A5B6E3 /* Debug */ = {
			isa = XCBuildConfiguration;
			buildSettings = {
				ALWAYS_SEARCH_USER_PATHS = NO;
				CLANG_ANALYZER_NONNULL = YES;
				CLANG_ANALYZER_NUMBER_OBJECT_CONVERSION = YES_AGGRESSIVE;
				CLANG_CXX_LANGUAGE_STANDARD = "gnu++20";
				CLANG_ENABLE_MODULES = YES;
				CLANG_ENABLE_OBJC_ARC = YES;
				CLANG_ENABLE_OBJC_WEAK = YES;
				CLANG_WARN_BLOCK_CAPTURE_AUTORELEASING = YES;
				CLANG_WARN_BOOL_CONVERSION = YES;
				CLANG_WARN_COMMA = YES;
				CLANG_WARN_CONSTANT_CONVERSION = YES;
				CLANG_WARN_DEPRECATED_OBJC_IMPLEMENTATIONS = YES;
				CLANG_WARN_DIRECT_OBJC_ISA_USAGE = YES_ERROR;
				CLANG_WARN_DOCUMENTATION_COMMENTS = YES;
				CLANG_WARN_EMPTY_BODY = YES;
				CLANG_WARN_ENUM_CONVERSION = YES;
				CLANG_WARN_INFINITE_RECURSION = YES;
				CLANG_WARN_INT_CONVERSION = YES;
				CLANG_WARN_NON_LITERAL_NULL_CONVERSION = YES;
				CLANG_WARN_OBJC_IMPLICIT_RETAIN_SELF = YES;
				CLANG_WARN_OBJC_LITERAL_CONVERSION = YES;
				CLANG_WARN_OBJC_ROOT_CLASS = YES_ERROR;
				CLANG_WARN_QUOTED_INCLUDE_IN_FRAMEWORK_HEADER = YES;
				CLANG_WARN_RANGE_LOOP_ANALYSIS = YES;
				CLANG_WARN_STRICT_PROTOTYPES = YES;
				CLANG_WARN_SUSPICIOUS_MOVE = YES;
				CLANG_WARN_UNGUARDED_AVAILABILITY = YES_AGGRESSIVE;
				CLANG_WARN_UNREACHABLE_CODE = YES;
				CLANG_WARN__DUPLICATE_METHOD_MATCH = YES;
				COPY_PHASE_STRIP = NO;
				DEBUG_INFORMATION_FORMAT = dwarf;
				ENABLE_STRICT_OBJC_MSGSEND = YES;
				ENABLE_TESTABILITY = YES;
				GCC_C_LANGUAGE_STANDARD = gnu11;
				GCC_DYNAMIC_NO_PIC = NO;
				GCC_NO_COMMON_BLOCKS = YES;
				GCC_OPTIMIZATION_LEVEL = 0;
				GCC_PREPROCESSOR_DEFINITIONS = (
					"DEBUG=1",
					"$(inherited)",
				);
				GCC_WARN_64_TO_32_BIT_CONVERSION = YES;
				GCC_WARN_ABOUT_RETURN_TYPE = YES_ERROR;
				GCC_WARN_UNDECLARED_SELECTOR = YES;
				GCC_WARN_UNINITIALIZED_AUTOS = YES_AGGRESSIVE;
				GCC_WARN_UNUSED_FUNCTION = YES;
				GCC_WARN_UNUSED_VARIABLE = YES;
				IPHONEOS_DEPLOYMENT_TARGET = 16.1;
				MTL_ENABLE_DEBUG_INFO = INCLUDE_SOURCE;
				MTL_FAST_MATH = YES;
				ONLY_ACTIVE_ARCH = YES;
				SDKROOT = iphoneos;
				SWIFT_ACTIVE_COMPILATION_CONDITIONS = DEBUG;
				SWIFT_OPTIMIZATION_LEVEL = "-Onone";
			};
			name = Debug;
		};
		D4DFEC49292C0B2B00A5B6E3 /* Release */ = {
			isa = XCBuildConfiguration;
			buildSettings = {
				ALWAYS_SEARCH_USER_PATHS = NO;
				CLANG_ANALYZER_NONNULL = YES;
				CLANG_ANALYZER_NUMBER_OBJECT_CONVERSION = YES_AGGRESSIVE;
				CLANG_CXX_LANGUAGE_STANDARD = "gnu++20";
				CLANG_ENABLE_MODULES = YES;
				CLANG_ENABLE_OBJC_ARC = YES;
				CLANG_ENABLE_OBJC_WEAK = YES;
				CLANG_WARN_BLOCK_CAPTURE_AUTORELEASING = YES;
				CLANG_WARN_BOOL_CONVERSION = YES;
				CLANG_WARN_COMMA = YES;
				CLANG_WARN_CONSTANT_CONVERSION = YES;
				CLANG_WARN_DEPRECATED_OBJC_IMPLEMENTATIONS = YES;
				CLANG_WARN_DIRECT_OBJC_ISA_USAGE = YES_ERROR;
				CLANG_WARN_DOCUMENTATION_COMMENTS = YES;
				CLANG_WARN_EMPTY_BODY = YES;
				CLANG_WARN_ENUM_CONVERSION = YES;
				CLANG_WARN_INFINITE_RECURSION = YES;
				CLANG_WARN_INT_CONVERSION = YES;
				CLANG_WARN_NON_LITERAL_NULL_CONVERSION = YES;
				CLANG_WARN_OBJC_IMPLICIT_RETAIN_SELF = YES;
				CLANG_WARN_OBJC_LITERAL_CONVERSION = YES;
				CLANG_WARN_OBJC_ROOT_CLASS = YES_ERROR;
				CLANG_WARN_QUOTED_INCLUDE_IN_FRAMEWORK_HEADER = YES;
				CLANG_WARN_RANGE_LOOP_ANALYSIS = YES;
				CLANG_WARN_STRICT_PROTOTYPES = YES;
				CLANG_WARN_SUSPICIOUS_MOVE = YES;
				CLANG_WARN_UNGUARDED_AVAILABILITY = YES_AGGRESSIVE;
				CLANG_WARN_UNREACHABLE_CODE = YES;
				CLANG_WARN__DUPLICATE_METHOD_MATCH = YES;
				COPY_PHASE_STRIP = NO;
				DEBUG_INFORMATION_FORMAT = "dwarf-with-dsym";
				ENABLE_NS_ASSERTIONS = NO;
				ENABLE_STRICT_OBJC_MSGSEND = YES;
				GCC_C_LANGUAGE_STANDARD = gnu11;
				GCC_NO_COMMON_BLOCKS = YES;
				GCC_WARN_64_TO_32_BIT_CONVERSION = YES;
				GCC_WARN_ABOUT_RETURN_TYPE = YES_ERROR;
				GCC_WARN_UNDECLARED_SELECTOR = YES;
				GCC_WARN_UNINITIALIZED_AUTOS = YES_AGGRESSIVE;
				GCC_WARN_UNUSED_FUNCTION = YES;
				GCC_WARN_UNUSED_VARIABLE = YES;
				IPHONEOS_DEPLOYMENT_TARGET = 16.1;
				MTL_ENABLE_DEBUG_INFO = NO;
				MTL_FAST_MATH = YES;
				SDKROOT = iphoneos;
				SWIFT_COMPILATION_MODE = wholemodule;
				SWIFT_OPTIMIZATION_LEVEL = "-O";
				VALIDATE_PRODUCT = YES;
			};
			name = Release;
		};
		D4DFEC4B292C0B2B00A5B6E3 /* Debug */ = {
			isa = XCBuildConfiguration;
			buildSettings = {
				ASSETCATALOG_COMPILER_APPICON_NAME = AppIcon;
				ASSETCATALOG_COMPILER_GLOBAL_ACCENT_COLOR_NAME = AccentColor;
				CODE_SIGN_STYLE = Automatic;
				CURRENT_PROJECT_VERSION = 1;
				GENERATE_INFOPLIST_FILE = YES;
				INFOPLIST_FILE = PokeBox/Info.plist;
				INFOPLIST_KEY_UIApplicationSupportsIndirectInputEvents = YES;
				INFOPLIST_KEY_UILaunchStoryboardName = LaunchScreen;
				INFOPLIST_KEY_UIMainStoryboardFile = Main;
				INFOPLIST_KEY_UISupportedInterfaceOrientations_iPad = "UIInterfaceOrientationPortrait UIInterfaceOrientationPortraitUpsideDown UIInterfaceOrientationLandscapeLeft UIInterfaceOrientationLandscapeRight";
				INFOPLIST_KEY_UISupportedInterfaceOrientations_iPhone = "UIInterfaceOrientationPortrait UIInterfaceOrientationLandscapeLeft UIInterfaceOrientationLandscapeRight";
				IPHONEOS_DEPLOYMENT_TARGET = 13.6;
				LD_RUNPATH_SEARCH_PATHS = (
					"$(inherited)",
					"@executable_path/Frameworks",
				);
				MARKETING_VERSION = 1.0;
				PRODUCT_BUNDLE_IDENTIFIER = muratsaglam.PokeBox;
				PRODUCT_NAME = "$(TARGET_NAME)";
				SWIFT_EMIT_LOC_STRINGS = YES;
				SWIFT_VERSION = 5.0;
				TARGETED_DEVICE_FAMILY = "1,2";
			};
			name = Debug;
		};
		D4DFEC4C292C0B2B00A5B6E3 /* Release */ = {
			isa = XCBuildConfiguration;
			buildSettings = {
				ASSETCATALOG_COMPILER_APPICON_NAME = AppIcon;
				ASSETCATALOG_COMPILER_GLOBAL_ACCENT_COLOR_NAME = AccentColor;
				CODE_SIGN_STYLE = Automatic;
				CURRENT_PROJECT_VERSION = 1;
				GENERATE_INFOPLIST_FILE = YES;
				INFOPLIST_FILE = PokeBox/Info.plist;
				INFOPLIST_KEY_UIApplicationSupportsIndirectInputEvents = YES;
				INFOPLIST_KEY_UILaunchStoryboardName = LaunchScreen;
				INFOPLIST_KEY_UIMainStoryboardFile = Main;
				INFOPLIST_KEY_UISupportedInterfaceOrientations_iPad = "UIInterfaceOrientationPortrait UIInterfaceOrientationPortraitUpsideDown UIInterfaceOrientationLandscapeLeft UIInterfaceOrientationLandscapeRight";
				INFOPLIST_KEY_UISupportedInterfaceOrientations_iPhone = "UIInterfaceOrientationPortrait UIInterfaceOrientationLandscapeLeft UIInterfaceOrientationLandscapeRight";
				IPHONEOS_DEPLOYMENT_TARGET = 13.6;
				LD_RUNPATH_SEARCH_PATHS = (
					"$(inherited)",
					"@executable_path/Frameworks",
				);
				MARKETING_VERSION = 1.0;
				PRODUCT_BUNDLE_IDENTIFIER = muratsaglam.PokeBox;
				PRODUCT_NAME = "$(TARGET_NAME)";
				SWIFT_EMIT_LOC_STRINGS = YES;
				SWIFT_VERSION = 5.0;
				TARGETED_DEVICE_FAMILY = "1,2";
			};
			name = Release;
		};
/* End XCBuildConfiguration section */

/* Begin XCConfigurationList section */
		D4DFEC31292C0B2900A5B6E3 /* Build configuration list for PBXProject "PokeBox" */ = {
			isa = XCConfigurationList;
			buildConfigurations = (
				D4DFEC48292C0B2B00A5B6E3 /* Debug */,
				D4DFEC49292C0B2B00A5B6E3 /* Release */,
			);
			defaultConfigurationIsVisible = 0;
			defaultConfigurationName = Release;
		};
		D4DFEC4A292C0B2B00A5B6E3 /* Build configuration list for PBXNativeTarget "PokeBox" */ = {
			isa = XCConfigurationList;
			buildConfigurations = (
				D4DFEC4B292C0B2B00A5B6E3 /* Debug */,
				D4DFEC4C292C0B2B00A5B6E3 /* Release */,
			);
			defaultConfigurationIsVisible = 0;
			defaultConfigurationName = Release;
		};
/* End XCConfigurationList section */
	};
	rootObject = D4DFEC2E292C0B2900A5B6E3 /* Project object */;
}
